<?xml version="1.0" encoding="UTF-8"?>
<CodeBlocks_project_file>
	<FileVersion major="1" minor="6"/>
	<Project>
		<Option title="ebv-testVisualizer"/>
		<Option makefile_is_custom="1"/>
		<Option compiler="msvc8"/>
		<Option virtualFolders="CMake Files\;CMake Files\CMakeModules\;CMake Files\..\;CMake Files\..\..\;CMake Files\..\..\..\;CMake Files\..\..\..\..\;CMake Files\..\..\..\..\..\;CMake Files\..\..\..\..\..\..\;CMake Files\..\..\..\..\..\..\Qt\;CMake Files\..\..\..\..\..\..\Qt\5.8\;CMake Files\..\..\..\..\..\..\Qt\5.8\msvc2015_64\;CMake Files\..\..\..\..\..\..\Qt\5.8\msvc2015_64\lib\;CMake Files\..\..\..\..\..\..\Qt\5.8\msvc2015_64\lib\cmake\;CMake Files\..\..\..\..\..\..\Qt\5.8\msvc2015_64\lib\cmake\Qt5Widgets\;CMake Files\..\..\..\..\..\..\Qt\5.8\msvc2015_64\lib\cmake\Qt5Gui\;CMake Files\..\..\..\..\..\..\Qt\5.8\msvc2015_64\lib\cmake\Qt5Core\;CMake Files\..\..\..\..\..\..\Qt\5.8\msvc2015_64\lib\cmake\Qt5OpenGL\;CMake Files\..\..\..\..\..\..\Qt\5.8\msvc2015_64\lib\cmake\Qt5PrintSupport\;CMake Files\..\..\..\..\..\..\Qt\5.8\msvc2015_64\lib\cmake\Qt5Network\;CMake Files\ThirdParty\;CMake Files\ThirdParty\qcustomplot\;CMake Files\Modules\;CMake Files\Modules\visualizer\;CMake Files\Applications\;CMake Files\Applications\testDataSender\;CMake Files\Applications\testVisualizer\;"/>
		<Build>
			<Target title="all">
				<Option working_dir="C:/Users/jmartel/Dropbox/Public/Yulia/ebv_visu/BuildLinux/Applications/testVisualizer"/>
				<Option type="4"/>
				<MakeCommands>
					<Build command="nmake /NOLOGO /f C:\Users\jmartel\Dropbox\Public\Yulia\ebv_visu\BuildLinux\Applications\testVisualizer\Makefile VERBOSE=1 all"/>
					<CompileFile command="nmake /NOLOGO /f C:\Users\jmartel\Dropbox\Public\Yulia\ebv_visu\BuildLinux\Applications\testVisualizer\Makefile VERBOSE=1 &quot;$file&quot;"/>
					<Clean command="nmake /NOLOGO /f C:\Users\jmartel\Dropbox\Public\Yulia\ebv_visu\BuildLinux\Applications\testVisualizer\Makefile VERBOSE=1 clean"/>
					<DistClean command="nmake /NOLOGO /f C:\Users\jmartel\Dropbox\Public\Yulia\ebv_visu\BuildLinux\Applications\testVisualizer\Makefile VERBOSE=1 clean"/>
				</MakeCommands>
			</Target>
			<Target title="ebv-testVisualizer">
				<Option output="C:/Users/jmartel/Dropbox/Public/Yulia/ebv_visu/BuildLinux/Applications/testVisualizer/ebv-testVisualizer.exe" prefix_auto="0" extension_auto="0"/>
				<Option working_dir="C:/Users/jmartel/Dropbox/Public/Yulia/ebv_visu/BuildLinux/Applications/testVisualizer"/>
				<Option object_output="./"/>
				<Option type="1"/>
				<Option compiler="msvc8"/>
				<Compiler>
					<Add option="-DQT_WIDGETS_LIB"/>
					<Add option="-DQT_GUI_LIB"/>
					<Add option="-DQT_CORE_LIB"/>
					<Add option="-DQT_OPENGL_LIB"/>
					<Add option="-DQT_NETWORK_LIB"/>
					<Add directory="C:/Users/jmartel/Dropbox/Public/Yulia/ebv_visu/BuildLinux/Applications/testVisualizer"/>
					<Add directory="C:/Users/jmartel/Dropbox/Public/Yulia/ebv_visu/Applications/testVisualizer"/>
					<Add directory="C:/Users/jmartel/Dropbox/Public/Yulia/ebv_visu/BuildLinux/Applications/testVisualizer/ebv-testVisualizer_autogen/include"/>
					<Add directory="C:/Users/jmartel/Dropbox/Public/Yulia/ebv_visu/CMakeModules/CMakeInclude"/>
					<Add directory="C:/Users/jmartel/Dropbox/Public/Yulia/ebv_visu"/>
					<Add directory="C:/Users/jmartel/Dropbox/Public/Yulia/ebv_visu/BuildLinux"/>
					<Add directory="C:/Users/jmartel/Dropbox/Public/Yulia/ebv_visu/Applications/testVisualizer/include"/>
					<Add directory="C:/Users/jmartel/Dropbox/Public/Yulia/ebv_visu/Applications/testVisualizer/../../Modules/visualizer/include"/>
					<Add directory="C:/Qt/5.8/msvc2015_64/include"/>
					<Add directory="C:/Qt/5.8/msvc2015_64/include/QtWidgets"/>
					<Add directory="C:/Qt/5.8/msvc2015_64/include/QtGui"/>
					<Add directory="C:/Qt/5.8/msvc2015_64/include/QtCore"/>
					<Add directory="C:/Qt/5.8/msvc2015_64/./mkspecs/win32-msvc2015"/>
					<Add directory="C:/Qt/5.8/msvc2015_64/include/QtANGLE"/>
					<Add directory="C:/Qt/5.8/msvc2015_64/include/QtOpenGL"/>
					<Add directory="C:/Qt/5.8/msvc2015_64/include/QtNetwork"/>
					<Add directory="C:\Program Files (x86)\Microsoft Visual Studio 14.0\VC\INCLUDE"/>
					<Add directory="C:\Program Files (x86)\Microsoft Visual Studio 14.0\VC\ATLMFC\INCLUDE"/>
					<Add directory="C:\Program Files (x86)\Windows Kits\10\include\10.0.15063.0\ucrt"/>
					<Add directory="C:\Program Files (x86)\Windows Kits\NETFXSDK\4.6.1\include\um"/>
					<Add directory="C:\Program Files (x86)\Windows Kits\10\include\10.0.15063.0\shared"/>
					<Add directory="C:\Program Files (x86)\Windows Kits\10\include\10.0.15063.0\um"/>
					<Add directory="C:\Program Files (x86)\Windows Kits\10\include\10.0.15063.0\winrt"/>
				</Compiler>
				<MakeCommands>
					<Build command="nmake /NOLOGO /f C:\Users\jmartel\Dropbox\Public\Yulia\ebv_visu\BuildLinux\Applications\testVisualizer\Makefile VERBOSE=1 ebv-testVisualizer"/>
					<CompileFile command="nmake /NOLOGO /f C:\Users\jmartel\Dropbox\Public\Yulia\ebv_visu\BuildLinux\Applications\testVisualizer\Makefile VERBOSE=1 &quot;$file&quot;"/>
					<Clean command="nmake /NOLOGO /f C:\Users\jmartel\Dropbox\Public\Yulia\ebv_visu\BuildLinux\Applications\testVisualizer\Makefile VERBOSE=1 clean"/>
					<DistClean command="nmake /NOLOGO /f C:\Users\jmartel\Dropbox\Public\Yulia\ebv_visu\BuildLinux\Applications\testVisualizer\Makefile VERBOSE=1 clean"/>
				</MakeCommands>
			</Target>
			<Target title="ebv-testVisualizer/fast">
				<Option output="C:/Users/jmartel/Dropbox/Public/Yulia/ebv_visu/BuildLinux/Applications/testVisualizer/ebv-testVisualizer.exe" prefix_auto="0" extension_auto="0"/>
				<Option working_dir="C:/Users/jmartel/Dropbox/Public/Yulia/ebv_visu/BuildLinux/Applications/testVisualizer"/>
				<Option object_output="./"/>
				<Option type="1"/>
				<Option compiler="msvc8"/>
				<Compiler>
					<Add option="-DQT_WIDGETS_LIB"/>
					<Add option="-DQT_GUI_LIB"/>
					<Add option="-DQT_CORE_LIB"/>
					<Add option="-DQT_OPENGL_LIB"/>
					<Add option="-DQT_NETWORK_LIB"/>
					<Add directory="C:/Users/jmartel/Dropbox/Public/Yulia/ebv_visu/BuildLinux/Applications/testVisualizer"/>
					<Add directory="C:/Users/jmartel/Dropbox/Public/Yulia/ebv_visu/Applications/testVisualizer"/>
					<Add directory="C:/Users/jmartel/Dropbox/Public/Yulia/ebv_visu/BuildLinux/Applications/testVisualizer/ebv-testVisualizer_autogen/include"/>
					<Add directory="C:/Users/jmartel/Dropbox/Public/Yulia/ebv_visu/CMakeModules/CMakeInclude"/>
					<Add directory="C:/Users/jmartel/Dropbox/Public/Yulia/ebv_visu"/>
					<Add directory="C:/Users/jmartel/Dropbox/Public/Yulia/ebv_visu/BuildLinux"/>
					<Add directory="C:/Users/jmartel/Dropbox/Public/Yulia/ebv_visu/Applications/testVisualizer/include"/>
					<Add directory="C:/Users/jmartel/Dropbox/Public/Yulia/ebv_visu/Applications/testVisualizer/../../Modules/visualizer/include"/>
					<Add directory="C:/Qt/5.8/msvc2015_64/include"/>
					<Add directory="C:/Qt/5.8/msvc2015_64/include/QtWidgets"/>
					<Add directory="C:/Qt/5.8/msvc2015_64/include/QtGui"/>
					<Add directory="C:/Qt/5.8/msvc2015_64/include/QtCore"/>
					<Add directory="C:/Qt/5.8/msvc2015_64/./mkspecs/win32-msvc2015"/>
					<Add directory="C:/Qt/5.8/msvc2015_64/include/QtANGLE"/>
					<Add directory="C:/Qt/5.8/msvc2015_64/include/QtOpenGL"/>
					<Add directory="C:/Qt/5.8/msvc2015_64/include/QtNetwork"/>
					<Add directory="C:\Program Files (x86)\Microsoft Visual Studio 14.0\VC\INCLUDE"/>
					<Add directory="C:\Program Files (x86)\Microsoft Visual Studio 14.0\VC\ATLMFC\INCLUDE"/>
					<Add directory="C:\Program Files (x86)\Windows Kits\10\include\10.0.15063.0\ucrt"/>
					<Add directory="C:\Program Files (x86)\Windows Kits\NETFXSDK\4.6.1\include\um"/>
					<Add directory="C:\Program Files (x86)\Windows Kits\10\include\10.0.15063.0\shared"/>
					<Add directory="C:\Program Files (x86)\Windows Kits\10\include\10.0.15063.0\um"/>
					<Add directory="C:\Program Files (x86)\Windows Kits\10\include\10.0.15063.0\winrt"/>
				</Compiler>
				<MakeCommands>
					<Build command="nmake /NOLOGO /f C:\Users\jmartel\Dropbox\Public\Yulia\ebv_visu\BuildLinux\Applications\testVisualizer\Makefile VERBOSE=1 ebv-testVisualizer/fast"/>
					<CompileFile command="nmake /NOLOGO /f C:\Users\jmartel\Dropbox\Public\Yulia\ebv_visu\BuildLinux\Applications\testVisualizer\Makefile VERBOSE=1 &quot;$file&quot;"/>
					<Clean command="nmake /NOLOGO /f C:\Users\jmartel\Dropbox\Public\Yulia\ebv_visu\BuildLinux\Applications\testVisualizer\Makefile VERBOSE=1 clean"/>
					<DistClean command="nmake /NOLOGO /f C:\Users\jmartel\Dropbox\Public\Yulia\ebv_visu\BuildLinux\Applications\testVisualizer\Makefile VERBOSE=1 clean"/>
				</MakeCommands>
			</Target>
			<Target title="ebv-testVisualizer_autogen">
				<Option working_dir="C:/Users/jmartel/Dropbox/Public/Yulia/ebv_visu/BuildLinux/Applications/testVisualizer"/>
				<Option type="4"/>
				<MakeCommands>
					<Build command="nmake /NOLOGO /f C:\Users\jmartel\Dropbox\Public\Yulia\ebv_visu\BuildLinux\Applications\testVisualizer\Makefile VERBOSE=1 ebv-testVisualizer_autogen"/>
					<CompileFile command="nmake /NOLOGO /f C:\Users\jmartel\Dropbox\Public\Yulia\ebv_visu\BuildLinux\Applications\testVisualizer\Makefile VERBOSE=1 &quot;$file&quot;"/>
					<Clean command="nmake /NOLOGO /f C:\Users\jmartel\Dropbox\Public\Yulia\ebv_visu\BuildLinux\Applications\testVisualizer\Makefile VERBOSE=1 clean"/>
					<DistClean command="nmake /NOLOGO /f C:\Users\jmartel\Dropbox\Public\Yulia\ebv_visu\BuildLinux\Applications\testVisualizer\Makefile VERBOSE=1 clean"/>
				</MakeCommands>
			</Target>
		</Build>
		<Unit filename="C:/Users/jmartel/Dropbox/Public/Yulia/ebv_visu/Applications/testVisualizer/include/EBV_PosePlugin.h">
			<Option target="ebv-testVisualizer"/>
		</Unit>
		<Unit filename="C:/Users/jmartel/Dropbox/Public/Yulia/ebv_visu/Applications/testVisualizer/src/EBV_PosePlugin.cpp">
			<Option target="ebv-testVisualizer"/>
		</Unit>
		<Unit filename="C:/Users/jmartel/Dropbox/Public/Yulia/ebv_visu/Applications/testVisualizer/src/main.cpp">
			<Option target="ebv-testVisualizer"/>
		</Unit>
		<Unit filename="C:/Users/jmartel/Dropbox/Public/Yulia/ebv_visu/BuildLinux/Applications/testVisualizer/ebv-testVisualizer_autogen/moc_compilation.cpp">
			<Option target="ebv-testVisualizer"/>
		</Unit>
		<Unit filename="C:/Users/jmartel/Dropbox/Public/Yulia/ebv_visu/CMakeLists.txt">
			<Option virtualFolder="CMake Files\"/>
		</Unit>
		<Unit filename="C:/Users/jmartel/Dropbox/Public/Yulia/ebv_visu/CMakeModules/ebv_project_module.cmake">
			<Option virtualFolder="CMake Files\CMakeModules\"/>
		</Unit>
		<Unit filename="C:/Users/jmartel/Dropbox/Public/Yulia/ebv_visu/CMakeModules/ebv_project_app.cmake">
			<Option virtualFolder="CMake Files\CMakeModules\"/>
		</Unit>
		<Unit filename="C:/Users/jmartel/Dropbox/Public/Yulia/ebv_visu/CMakeModules/ebv_uninstall.in.cmake">
			<Option virtualFolder="CMake Files\CMakeModules\"/>
		</Unit>
		<Unit filename="C:/Users/jmartel/Dropbox/Public/Yulia/ebv_visu/CMakeModules/EBV_ProjectConfig.h.cmake">
			<Option virtualFolder="CMake Files\CMakeModules\"/>
		</Unit>
		<Unit filename="C:/Users/jmartel/Dropbox/Public/Yulia/ebv_visu/../../../../../../Qt/5.8/msvc2015_64/lib/cmake/Qt5Widgets/Qt5WidgetsConfigVersion.cmake">
			<Option virtualFolder="CMake Files\..\..\..\..\..\..\Qt\5.8\msvc2015_64\lib\cmake\Qt5Widgets\"/>
		</Unit>
		<Unit filename="C:/Users/jmartel/Dropbox/Public/Yulia/ebv_visu/../../../../../../Qt/5.8/msvc2015_64/lib/cmake/Qt5Widgets/Qt5WidgetsConfig.cmake">
			<Option virtualFolder="CMake Files\..\..\..\..\..\..\Qt\5.8\msvc2015_64\lib\cmake\Qt5Widgets\"/>
		</Unit>
		<Unit filename="C:/Users/jmartel/Dropbox/Public/Yulia/ebv_visu/../../../../../../Qt/5.8/msvc2015_64/lib/cmake/Qt5Widgets/Qt5WidgetsConfigExtras.cmake">
			<Option virtualFolder="CMake Files\..\..\..\..\..\..\Qt\5.8\msvc2015_64\lib\cmake\Qt5Widgets\"/>
		</Unit>
		<Unit filename="C:/Users/jmartel/Dropbox/Public/Yulia/ebv_visu/../../../../../../Qt/5.8/msvc2015_64/lib/cmake/Qt5Widgets/Qt5WidgetsMacros.cmake">
			<Option virtualFolder="CMake Files\..\..\..\..\..\..\Qt\5.8\msvc2015_64\lib\cmake\Qt5Widgets\"/>
		</Unit>
		<Unit filename="C:/Users/jmartel/Dropbox/Public/Yulia/ebv_visu/../../../../../../Qt/5.8/msvc2015_64/lib/cmake/Qt5Gui/Qt5GuiConfigVersion.cmake">
			<Option virtualFolder="CMake Files\..\..\..\..\..\..\Qt\5.8\msvc2015_64\lib\cmake\Qt5Gui\"/>
		</Unit>
		<Unit filename="C:/Users/jmartel/Dropbox/Public/Yulia/ebv_visu/../../../../../../Qt/5.8/msvc2015_64/lib/cmake/Qt5Gui/Qt5GuiConfig.cmake">
			<Option virtualFolder="CMake Files\..\..\..\..\..\..\Qt\5.8\msvc2015_64\lib\cmake\Qt5Gui\"/>
		</Unit>
		<Unit filename="C:/Users/jmartel/Dropbox/Public/Yulia/ebv_visu/../../../../../../Qt/5.8/msvc2015_64/lib/cmake/Qt5Gui/Qt5Gui_QGifPlugin.cmake">
			<Option virtualFolder="CMake Files\..\..\..\..\..\..\Qt\5.8\msvc2015_64\lib\cmake\Qt5Gui\"/>
		</Unit>
		<Unit filename="C:/Users/jmartel/Dropbox/Public/Yulia/ebv_visu/../../../../../../Qt/5.8/msvc2015_64/lib/cmake/Qt5Gui/Qt5Gui_QICNSPlugin.cmake">
			<Option virtualFolder="CMake Files\..\..\..\..\..\..\Qt\5.8\msvc2015_64\lib\cmake\Qt5Gui\"/>
		</Unit>
		<Unit filename="C:/Users/jmartel/Dropbox/Public/Yulia/ebv_visu/../../../../../../Qt/5.8/msvc2015_64/lib/cmake/Qt5Gui/Qt5Gui_QICOPlugin.cmake">
			<Option virtualFolder="CMake Files\..\..\..\..\..\..\Qt\5.8\msvc2015_64\lib\cmake\Qt5Gui\"/>
		</Unit>
		<Unit filename="C:/Users/jmartel/Dropbox/Public/Yulia/ebv_visu/../../../../../../Qt/5.8/msvc2015_64/lib/cmake/Qt5Gui/Qt5Gui_QJpegPlugin.cmake">
			<Option virtualFolder="CMake Files\..\..\..\..\..\..\Qt\5.8\msvc2015_64\lib\cmake\Qt5Gui\"/>
		</Unit>
		<Unit filename="C:/Users/jmartel/Dropbox/Public/Yulia/ebv_visu/../../../../../../Qt/5.8/msvc2015_64/lib/cmake/Qt5Gui/Qt5Gui_QMinimalIntegrationPlugin.cmake">
			<Option virtualFolder="CMake Files\..\..\..\..\..\..\Qt\5.8\msvc2015_64\lib\cmake\Qt5Gui\"/>
		</Unit>
		<Unit filename="C:/Users/jmartel/Dropbox/Public/Yulia/ebv_visu/../../../../../../Qt/5.8/msvc2015_64/lib/cmake/Qt5Gui/Qt5Gui_QOffscreenIntegrationPlugin.cmake">
			<Option virtualFolder="CMake Files\..\..\..\..\..\..\Qt\5.8\msvc2015_64\lib\cmake\Qt5Gui\"/>
		</Unit>
		<Unit filename="C:/Users/jmartel/Dropbox/Public/Yulia/ebv_visu/../../../../../../Qt/5.8/msvc2015_64/lib/cmake/Qt5Gui/Qt5Gui_QTgaPlugin.cmake">
			<Option virtualFolder="CMake Files\..\..\..\..\..\..\Qt\5.8\msvc2015_64\lib\cmake\Qt5Gui\"/>
		</Unit>
		<Unit filename="C:/Users/jmartel/Dropbox/Public/Yulia/ebv_visu/../../../../../../Qt/5.8/msvc2015_64/lib/cmake/Qt5Gui/Qt5Gui_QTiffPlugin.cmake">
			<Option virtualFolder="CMake Files\..\..\..\..\..\..\Qt\5.8\msvc2015_64\lib\cmake\Qt5Gui\"/>
		</Unit>
		<Unit filename="C:/Users/jmartel/Dropbox/Public/Yulia/ebv_visu/../../../../../../Qt/5.8/msvc2015_64/lib/cmake/Qt5Gui/Qt5Gui_QTuioTouchPlugin.cmake">
			<Option virtualFolder="CMake Files\..\..\..\..\..\..\Qt\5.8\msvc2015_64\lib\cmake\Qt5Gui\"/>
		</Unit>
		<Unit filename="C:/Users/jmartel/Dropbox/Public/Yulia/ebv_visu/../../../../../../Qt/5.8/msvc2015_64/lib/cmake/Qt5Gui/Qt5Gui_QVirtualKeyboardPlugin.cmake">
			<Option virtualFolder="CMake Files\..\..\..\..\..\..\Qt\5.8\msvc2015_64\lib\cmake\Qt5Gui\"/>
		</Unit>
		<Unit filename="C:/Users/jmartel/Dropbox/Public/Yulia/ebv_visu/../../../../../../Qt/5.8/msvc2015_64/lib/cmake/Qt5Gui/Qt5Gui_QWbmpPlugin.cmake">
			<Option virtualFolder="CMake Files\..\..\..\..\..\..\Qt\5.8\msvc2015_64\lib\cmake\Qt5Gui\"/>
		</Unit>
		<Unit filename="C:/Users/jmartel/Dropbox/Public/Yulia/ebv_visu/../../../../../../Qt/5.8/msvc2015_64/lib/cmake/Qt5Gui/Qt5Gui_QWebpPlugin.cmake">
			<Option virtualFolder="CMake Files\..\..\..\..\..\..\Qt\5.8\msvc2015_64\lib\cmake\Qt5Gui\"/>
		</Unit>
		<Unit filename="C:/Users/jmartel/Dropbox/Public/Yulia/ebv_visu/../../../../../../Qt/5.8/msvc2015_64/lib/cmake/Qt5Gui/Qt5Gui_QWindowsDirect2DIntegrationPlugin.cmake">
			<Option virtualFolder="CMake Files\..\..\..\..\..\..\Qt\5.8\msvc2015_64\lib\cmake\Qt5Gui\"/>
		</Unit>
		<Unit filename="C:/Users/jmartel/Dropbox/Public/Yulia/ebv_visu/../../../../../../Qt/5.8/msvc2015_64/lib/cmake/Qt5Gui/Qt5Gui_QWindowsIntegrationPlugin.cmake">
			<Option virtualFolder="CMake Files\..\..\..\..\..\..\Qt\5.8\msvc2015_64\lib\cmake\Qt5Gui\"/>
		</Unit>
		<Unit filename="C:/Users/jmartel/Dropbox/Public/Yulia/ebv_visu/../../../../../../Qt/5.8/msvc2015_64/lib/cmake/Qt5Gui/Qt5GuiConfigExtras.cmake">
			<Option virtualFolder="CMake Files\..\..\..\..\..\..\Qt\5.8\msvc2015_64\lib\cmake\Qt5Gui\"/>
		</Unit>
		<Unit filename="C:/Users/jmartel/Dropbox/Public/Yulia/ebv_visu/../../../../../../Qt/5.8/msvc2015_64/lib/cmake/Qt5Core/Qt5CoreConfigVersion.cmake">
			<Option virtualFolder="CMake Files\..\..\..\..\..\..\Qt\5.8\msvc2015_64\lib\cmake\Qt5Core\"/>
		</Unit>
		<Unit filename="C:/Users/jmartel/Dropbox/Public/Yulia/ebv_visu/../../../../../../Qt/5.8/msvc2015_64/lib/cmake/Qt5Core/Qt5CoreConfig.cmake">
			<Option virtualFolder="CMake Files\..\..\..\..\..\..\Qt\5.8\msvc2015_64\lib\cmake\Qt5Core\"/>
		</Unit>
		<Unit filename="C:/Users/jmartel/Dropbox/Public/Yulia/ebv_visu/../../../../../../Qt/5.8/msvc2015_64/lib/cmake/Qt5Core/Qt5CoreConfigExtras.cmake">
			<Option virtualFolder="CMake Files\..\..\..\..\..\..\Qt\5.8\msvc2015_64\lib\cmake\Qt5Core\"/>
		</Unit>
		<Unit filename="C:/Users/jmartel/Dropbox/Public/Yulia/ebv_visu/../../../../../../Qt/5.8/msvc2015_64/lib/cmake/Qt5Core/Qt5CoreConfigExtrasMkspecDir.cmake">
			<Option virtualFolder="CMake Files\..\..\..\..\..\..\Qt\5.8\msvc2015_64\lib\cmake\Qt5Core\"/>
		</Unit>
		<Unit filename="C:/Users/jmartel/Dropbox/Public/Yulia/ebv_visu/../../../../../../Qt/5.8/msvc2015_64/lib/cmake/Qt5Core/Qt5CoreMacros.cmake">
			<Option virtualFolder="CMake Files\..\..\..\..\..\..\Qt\5.8\msvc2015_64\lib\cmake\Qt5Core\"/>
		</Unit>
		<Unit filename="C:/Users/jmartel/Dropbox/Public/Yulia/ebv_visu/../../../../../../Qt/5.8/msvc2015_64/lib/cmake/Qt5OpenGL/Qt5OpenGLConfigVersion.cmake">
			<Option virtualFolder="CMake Files\..\..\..\..\..\..\Qt\5.8\msvc2015_64\lib\cmake\Qt5OpenGL\"/>
		</Unit>
		<Unit filename="C:/Users/jmartel/Dropbox/Public/Yulia/ebv_visu/../../../../../../Qt/5.8/msvc2015_64/lib/cmake/Qt5OpenGL/Qt5OpenGLConfig.cmake">
			<Option virtualFolder="CMake Files\..\..\..\..\..\..\Qt\5.8\msvc2015_64\lib\cmake\Qt5OpenGL\"/>
		</Unit>
		<Unit filename="C:/Users/jmartel/Dropbox/Public/Yulia/ebv_visu/../../../../../../Qt/5.8/msvc2015_64/lib/cmake/Qt5PrintSupport/Qt5PrintSupportConfigVersion.cmake">
			<Option virtualFolder="CMake Files\..\..\..\..\..\..\Qt\5.8\msvc2015_64\lib\cmake\Qt5PrintSupport\"/>
		</Unit>
		<Unit filename="C:/Users/jmartel/Dropbox/Public/Yulia/ebv_visu/../../../../../../Qt/5.8/msvc2015_64/lib/cmake/Qt5PrintSupport/Qt5PrintSupportConfig.cmake">
			<Option virtualFolder="CMake Files\..\..\..\..\..\..\Qt\5.8\msvc2015_64\lib\cmake\Qt5PrintSupport\"/>
		</Unit>
		<Unit filename="C:/Users/jmartel/Dropbox/Public/Yulia/ebv_visu/../../../../../../Qt/5.8/msvc2015_64/lib/cmake/Qt5PrintSupport/Qt5PrintSupport_QWindowsPrinterSupportPlugin.cmake">
			<Option virtualFolder="CMake Files\..\..\..\..\..\..\Qt\5.8\msvc2015_64\lib\cmake\Qt5PrintSupport\"/>
		</Unit>
		<Unit filename="C:/Users/jmartel/Dropbox/Public/Yulia/ebv_visu/../../../../../../Qt/5.8/msvc2015_64/lib/cmake/Qt5PrintSupport/Qt5PrintSupportConfigVersion.cmake">
			<Option virtualFolder="CMake Files\..\..\..\..\..\..\Qt\5.8\msvc2015_64\lib\cmake\Qt5PrintSupport\"/>
		</Unit>
		<Unit filename="C:/Users/jmartel/Dropbox/Public/Yulia/ebv_visu/../../../../../../Qt/5.8/msvc2015_64/lib/cmake/Qt5PrintSupport/Qt5PrintSupportConfig.cmake">
			<Option virtualFolder="CMake Files\..\..\..\..\..\..\Qt\5.8\msvc2015_64\lib\cmake\Qt5PrintSupport\"/>
		</Unit>
		<Unit filename="C:/Users/jmartel/Dropbox/Public/Yulia/ebv_visu/../../../../../../Qt/5.8/msvc2015_64/lib/cmake/Qt5PrintSupport/Qt5PrintSupport_QWindowsPrinterSupportPlugin.cmake">
			<Option virtualFolder="CMake Files\..\..\..\..\..\..\Qt\5.8\msvc2015_64\lib\cmake\Qt5PrintSupport\"/>
		</Unit>
		<Unit filename="C:/Users/jmartel/Dropbox/Public/Yulia/ebv_visu/../../../../../../Qt/5.8/msvc2015_64/lib/cmake/Qt5Network/Qt5NetworkConfigVersion.cmake">
			<Option virtualFolder="CMake Files\..\..\..\..\..\..\Qt\5.8\msvc2015_64\lib\cmake\Qt5Network\"/>
		</Unit>
		<Unit filename="C:/Users/jmartel/Dropbox/Public/Yulia/ebv_visu/../../../../../../Qt/5.8/msvc2015_64/lib/cmake/Qt5Network/Qt5NetworkConfig.cmake">
			<Option virtualFolder="CMake Files\..\..\..\..\..\..\Qt\5.8\msvc2015_64\lib\cmake\Qt5Network\"/>
		</Unit>
		<Unit filename="C:/Users/jmartel/Dropbox/Public/Yulia/ebv_visu/../../../../../../Qt/5.8/msvc2015_64/lib/cmake/Qt5Network/Qt5Network_QGenericEnginePlugin.cmake">
			<Option virtualFolder="CMake Files\..\..\..\..\..\..\Qt\5.8\msvc2015_64\lib\cmake\Qt5Network\"/>
		</Unit>
		<Unit filename="C:/Users/jmartel/Dropbox/Public/Yulia/ebv_visu/../../../../../../Qt/5.8/msvc2015_64/lib/cmake/Qt5Network/Qt5Network_QNativeWifiEnginePlugin.cmake">
			<Option virtualFolder="CMake Files\..\..\..\..\..\..\Qt\5.8\msvc2015_64\lib\cmake\Qt5Network\"/>
		</Unit>
		<Unit filename="C:/Users/jmartel/Dropbox/Public/Yulia/ebv_visu/../../../../../../Qt/5.8/msvc2015_64/lib/cmake/Qt5Network/Qt5NetworkConfigVersion.cmake">
			<Option virtualFolder="CMake Files\..\..\..\..\..\..\Qt\5.8\msvc2015_64\lib\cmake\Qt5Network\"/>
		</Unit>
		<Unit filename="C:/Users/jmartel/Dropbox/Public/Yulia/ebv_visu/../../../../../../Qt/5.8/msvc2015_64/lib/cmake/Qt5Network/Qt5NetworkConfig.cmake">
			<Option virtualFolder="CMake Files\..\..\..\..\..\..\Qt\5.8\msvc2015_64\lib\cmake\Qt5Network\"/>
		</Unit>
		<Unit filename="C:/Users/jmartel/Dropbox/Public/Yulia/ebv_visu/../../../../../../Qt/5.8/msvc2015_64/lib/cmake/Qt5Network/Qt5Network_QGenericEnginePlugin.cmake">
			<Option virtualFolder="CMake Files\..\..\..\..\..\..\Qt\5.8\msvc2015_64\lib\cmake\Qt5Network\"/>
		</Unit>
		<Unit filename="C:/Users/jmartel/Dropbox/Public/Yulia/ebv_visu/../../../../../../Qt/5.8/msvc2015_64/lib/cmake/Qt5Network/Qt5Network_QNativeWifiEnginePlugin.cmake">
			<Option virtualFolder="CMake Files\..\..\..\..\..\..\Qt\5.8\msvc2015_64\lib\cmake\Qt5Network\"/>
		</Unit>
		<Unit filename="C:/Users/jmartel/Dropbox/Public/Yulia/ebv_visu/../../../../../../Qt/5.8/msvc2015_64/lib/cmake/Qt5Network/Qt5NetworkConfigVersion.cmake">
			<Option virtualFolder="CMake Files\..\..\..\..\..\..\Qt\5.8\msvc2015_64\lib\cmake\Qt5Network\"/>
		</Unit>
		<Unit filename="C:/Users/jmartel/Dropbox/Public/Yulia/ebv_visu/../../../../../../Qt/5.8/msvc2015_64/lib/cmake/Qt5Network/Qt5NetworkConfig.cmake">
			<Option virtualFolder="CMake Files\..\..\..\..\..\..\Qt\5.8\msvc2015_64\lib\cmake\Qt5Network\"/>
		</Unit>
		<Unit filename="C:/Users/jmartel/Dropbox/Public/Yulia/ebv_visu/../../../../../../Qt/5.8/msvc2015_64/lib/cmake/Qt5Network/Qt5Network_QGenericEnginePlugin.cmake">
			<Option virtualFolder="CMake Files\..\..\..\..\..\..\Qt\5.8\msvc2015_64\lib\cmake\Qt5Network\"/>
		</Unit>
		<Unit filename="C:/Users/jmartel/Dropbox/Public/Yulia/ebv_visu/../../../../../../Qt/5.8/msvc2015_64/lib/cmake/Qt5Network/Qt5Network_QNativeWifiEnginePlugin.cmake">
			<Option virtualFolder="CMake Files\..\..\..\..\..\..\Qt\5.8\msvc2015_64\lib\cmake\Qt5Network\"/>
		</Unit>
		<Unit filename="C:/Users/jmartel/Dropbox/Public/Yulia/ebv_visu/../../../../../../Qt/5.8/msvc2015_64/lib/cmake/Qt5Network/Qt5NetworkConfigVersion.cmake">
			<Option virtualFolder="CMake Files\..\..\..\..\..\..\Qt\5.8\msvc2015_64\lib\cmake\Qt5Network\"/>
		</Unit>
		<Unit filename="C:/Users/jmartel/Dropbox/Public/Yulia/ebv_visu/../../../../../../Qt/5.8/msvc2015_64/lib/cmake/Qt5Network/Qt5NetworkConfig.cmake">
			<Option virtualFolder="CMake Files\..\..\..\..\..\..\Qt\5.8\msvc2015_64\lib\cmake\Qt5Network\"/>
		</Unit>
		<Unit filename="C:/Users/jmartel/Dropbox/Public/Yulia/ebv_visu/../../../../../../Qt/5.8/msvc2015_64/lib/cmake/Qt5Network/Qt5Network_QGenericEnginePlugin.cmake">
			<Option virtualFolder="CMake Files\..\..\..\..\..\..\Qt\5.8\msvc2015_64\lib\cmake\Qt5Network\"/>
		</Unit>
		<Unit filename="C:/Users/jmartel/Dropbox/Public/Yulia/ebv_visu/../../../../../../Qt/5.8/msvc2015_64/lib/cmake/Qt5Network/Qt5Network_QNativeWifiEnginePlugin.cmake">
			<Option virtualFolder="CMake Files\..\..\..\..\..\..\Qt\5.8\msvc2015_64\lib\cmake\Qt5Network\"/>
		</Unit>
		<Unit filename="C:/Users/jmartel/Dropbox/Public/Yulia/ebv_visu/ThirdParty/CMakeLists.txt">
			<Option virtualFolder="CMake Files\ThirdParty\"/>
		</Unit>
		<Unit filename="C:/Users/jmartel/Dropbox/Public/Yulia/ebv_visu/ThirdParty/qcustomplot/CMakeLists.txt">
			<Option virtualFolder="CMake Files\ThirdParty\qcustomplot\"/>
		</Unit>
		<Unit filename="C:/Users/jmartel/Dropbox/Public/Yulia/ebv_visu/ThirdParty/qcustomplot/CMakeLists.txt">
			<Option virtualFolder="CMake Files\ThirdParty\qcustomplot\"/>
		</Unit>
		<Unit filename="C:/Users/jmartel/Dropbox/Public/Yulia/ebv_visu/Modules/CMakeLists.txt">
			<Option virtualFolder="CMake Files\Modules\"/>
		</Unit>
		<Unit filename="C:/Users/jmartel/Dropbox/Public/Yulia/ebv_visu/Modules/visualizer/CMakeLists.txt">
			<Option virtualFolder="CMake Files\Modules\visualizer\"/>
		</Unit>
		<Unit filename="C:/Users/jmartel/Dropbox/Public/Yulia/ebv_visu/Modules/visualizer/CMakeLists.txt">
			<Option virtualFolder="CMake Files\Modules\visualizer\"/>
		</Unit>
		<Unit filename="C:/Users/jmartel/Dropbox/Public/Yulia/ebv_visu/Applications/CMakeLists.txt">
			<Option virtualFolder="CMake Files\Applications\"/>
		</Unit>
		<Unit filename="C:/Users/jmartel/Dropbox/Public/Yulia/ebv_visu/Applications/testDataSender/CMakeLists.txt">
			<Option virtualFolder="CMake Files\Applications\testDataSender\"/>
		</Unit>
		<Unit filename="C:/Users/jmartel/Dropbox/Public/Yulia/ebv_visu/Applications/testDataSender/CMakeLists.txt">
			<Option virtualFolder="CMake Files\Applications\testDataSender\"/>
		</Unit>
		<Unit filename="C:/Users/jmartel/Dropbox/Public/Yulia/ebv_visu/Applications/testVisualizer/CMakeLists.txt">
			<Option virtualFolder="CMake Files\Applications\testVisualizer\"/>
		</Unit>
		<Unit filename="C:/Users/jmartel/Dropbox/Public/Yulia/ebv_visu/Applications/testVisualizer/CMakeLists.txt">
			<Option virtualFolder="CMake Files\Applications\testVisualizer\"/>
		</Unit>
	</Project>
</CodeBlocks_project_file>
